
Microsoft Visual Studio Solution File, Format Version 12.00
# Visual Studio 15
Project("{FAE04EC0-301F-11D3-BF4B-00C04F79EFBC}") = "clean_dish_proto_mz", "Assembly-CSharp.csproj", "{FA4351F0-8172-983E-46FA-C620020D6703}"
EndProject
Project("{FAE04EC0-301F-11D3-BF4B-00C04F79EFBC}") = "clean_dish_proto_mz", "Assembly-CSharp-Editor.csproj", "{D88F206C-4733-9570-E086-2459FDDF2DC5}"
EndProject
Global
	GlobalSection(SolutionConfigurationPlatforms) = preSolution
		Debug|Any CPU = Debug|Any CPU
		Release|Any CPU = Release|Any CPU
	EndGlobalSection
	GlobalSection(ProjectConfigurationPlatforms) = postSolution
		{FA4351F0-8172-983E-46FA-C620020D6703}.Debug|Any CPU.ActiveCfg = Debug|Any CPU
		{FA4351F0-8172-983E-46FA-C620020D6703}.Debug|Any CPU.Build.0 = Debug|Any CPU
		{FA4351F0-8172-983E-46FA-C620020D6703}.Release|Any CPU.ActiveCfg = Release|Any CPU
		{FA4351F0-8172-983E-46FA-C620020D6703}.Release|Any CPU.Build.0 = Release|Any CPU
		{D88F206C-4733-9570-E086-2459FDDF2DC5}.Debug|Any CPU.ActiveCfg = Debug|Any CPU
		{D88F206C-4733-9570-E086-2459FDDF2DC5}.Debug|Any CPU.Build.0 = Debug|Any CPU
		{D88F206C-4733-9570-E086-2459FDDF2DC5}.Release|Any CPU.ActiveCfg = Release|Any CPU
		{D88F206C-4733-9570-E086-2459FDDF2DC5}.Release|Any CPU.Build.0 = Release|Any CPU
	EndGlobalSection
	GlobalSection(SolutionProperties) = preSolution
		HideSolutionNode = FALSE
	EndGlobalSection
EndGlobal
